
Microsoft Visual Studio Solution File, Format Version 12.00
# Visual Studio Version 16
VisualStudioVersion = 16.0.29230.61
MinimumVisualStudioVersion = 10.0.40219.1
Project("{FAE04EC0-301F-11D3-BF4B-00C04F79EFBC}") = "PModbus", "PModbus\PModbus.csproj", "{E8F42ABA-2213-4163-ACB3-6849587B3906}"
EndProject
Project("{FAE04EC0-301F-11D3-BF4B-00C04F79EFBC}") = "PModbusTest", "PModbusTest\PModbusTest.csproj", "{92C01D38-ED60-467D-A31A-DCEAF4CE377A}"
EndProject
Project("{FAE04EC0-301F-11D3-BF4B-00C04F79EFBC}") = "PModbus.Datas", "PModbus.Datas\PModbus.Datas.csproj", "{F7E165C3-64E3-477A-83A0-0EA58872CB32}"
EndProject
Global
	GlobalSection(SolutionConfigurationPlatforms) = preSolution
		Debug|Any CPU = Debug|Any CPU
		Release|Any CPU = Release|Any CPU
	EndGlobalSection
	GlobalSection(ProjectConfigurationPlatforms) = postSolution
		{E8F42ABA-2213-4163-ACB3-6849587B3906}.Debug|Any CPU.ActiveCfg = Debug|Any CPU
		{E8F42ABA-2213-4163-ACB3-6849587B3906}.Debug|Any CPU.Build.0 = Debug|Any CPU
		{E8F42ABA-2213-4163-ACB3-6849587B3906}.Release|Any CPU.ActiveCfg = Release|Any CPU
		{E8F42ABA-2213-4163-ACB3-6849587B3906}.Release|Any CPU.Build.0 = Release|Any CPU
		{92C01D38-ED60-467D-A31A-DCEAF4CE377A}.Debug|Any CPU.ActiveCfg = Debug|Any CPU
		{92C01D38-ED60-467D-A31A-DCEAF4CE377A}.Debug|Any CPU.Build.0 = Debug|Any CPU
		{92C01D38-ED60-467D-A31A-DCEAF4CE377A}.Release|Any CPU.ActiveCfg = Release|Any CPU
		{92C01D38-ED60-467D-A31A-DCEAF4CE377A}.Release|Any CPU.Build.0 = Release|Any CPU
		{F7E165C3-64E3-477A-83A0-0EA58872CB32}.Debug|Any CPU.ActiveCfg = Debug|Any CPU
		{F7E165C3-64E3-477A-83A0-0EA58872CB32}.Debug|Any CPU.Build.0 = Debug|Any CPU
		{F7E165C3-64E3-477A-83A0-0EA58872CB32}.Release|Any CPU.ActiveCfg = Release|Any CPU
		{F7E165C3-64E3-477A-83A0-0EA58872CB32}.Release|Any CPU.Build.0 = Release|Any CPU
	EndGlobalSection
	GlobalSection(SolutionProperties) = preSolution
		HideSolutionNode = FALSE
	EndGlobalSection
	GlobalSection(ExtensibilityGlobals) = postSolution
		SolutionGuid = {7874C379-F36D-42C7-9D3A-EE20A7019F25}
	EndGlobalSection
EndGlobal
